// !$*UTF8*$!
{
	archiveVersion = 1;
	classes = {
	};
	objectVersion = 50;
	objects = {

/* Begin PBXBuildFile section */
		CD27657A23F1B4FD00D174DC /* RoutinesCell.swift in Sources */ = {isa = PBXBuildFile; fileRef = CD27657923F1B4FD00D174DC /* RoutinesCell.swift */; };
		CD27C57423EDA7E3009C2FA9 /* MenuView.swift in Sources */ = {isa = PBXBuildFile; fileRef = CD27C57323EDA7E3009C2FA9 /* MenuView.swift */; };
		CD27C57623EDAD5D009C2FA9 /* MenuViewConstraints.swift in Sources */ = {isa = PBXBuildFile; fileRef = CD27C57523EDAD5D009C2FA9 /* MenuViewConstraints.swift */; };
		CD27C57823EDAEE6009C2FA9 /* MenuViewController.swift in Sources */ = {isa = PBXBuildFile; fileRef = CD27C57723EDAEE6009C2FA9 /* MenuViewController.swift */; };
		CD27C57A23EDB842009C2FA9 /* FriendsView.swift in Sources */ = {isa = PBXBuildFile; fileRef = CD27C57923EDB842009C2FA9 /* FriendsView.swift */; };
		CD27C57C23EDBB72009C2FA9 /* FriendsCollectionViewController.swift in Sources */ = {isa = PBXBuildFile; fileRef = CD27C57B23EDBB72009C2FA9 /* FriendsCollectionViewController.swift */; };
		CD27C57E23EDBD45009C2FA9 /* FriendsCell.swift in Sources */ = {isa = PBXBuildFile; fileRef = CD27C57D23EDBD45009C2FA9 /* FriendsCell.swift */; };
		CD33886224018EBF006DC720 /* CellGradientColor.swift in Sources */ = {isa = PBXBuildFile; fileRef = CD33886124018EBF006DC720 /* CellGradientColor.swift */; };
		CD42FC9A23EDC5B400E9ADC6 /* FriendsCellConstraints.swift in Sources */ = {isa = PBXBuildFile; fileRef = CD42FC9923EDC5B400E9ADC6 /* FriendsCellConstraints.swift */; };
		CD42FC9C23EF467F00E9ADC6 /* RoutinesView.swift in Sources */ = {isa = PBXBuildFile; fileRef = CD42FC9B23EF467F00E9ADC6 /* RoutinesView.swift */; };
		CD42FC9E23EF484400E9ADC6 /* RoutinesViewControllerCollectionViewController.swift in Sources */ = {isa = PBXBuildFile; fileRef = CD42FC9D23EF484400E9ADC6 /* RoutinesViewControllerCollectionViewController.swift */; };
		CD7D393824030DCF0017821B /* RoutinesCollectionViewConstraints.swift in Sources */ = {isa = PBXBuildFile; fileRef = CD7D393724030DCF0017821B /* RoutinesCollectionViewConstraints.swift */; };
		CD7D393A24031A1C0017821B /* SavedResultsRoutinesViewController.swift in Sources */ = {isa = PBXBuildFile; fileRef = CD7D393924031A1C0017821B /* SavedResultsRoutinesViewController.swift */; };
		CD7D393C24031C720017821B /* SavedRoutinesResultsView.swift in Sources */ = {isa = PBXBuildFile; fileRef = CD7D393B24031C720017821B /* SavedRoutinesResultsView.swift */; };
		CD7D393E24031E150017821B /* SavedRoutinesResultCell.swift in Sources */ = {isa = PBXBuildFile; fileRef = CD7D393D24031E150017821B /* SavedRoutinesResultCell.swift */; };
		CDFB884A23ECEC3000B652A6 /* AppDelegate.swift in Sources */ = {isa = PBXBuildFile; fileRef = CDFB884923ECEC3000B652A6 /* AppDelegate.swift */; };
		CDFB884C23ECEC3000B652A6 /* SceneDelegate.swift in Sources */ = {isa = PBXBuildFile; fileRef = CDFB884B23ECEC3000B652A6 /* SceneDelegate.swift */; };
		CDFB884E23ECEC3000B652A6 /* ContentView.swift in Sources */ = {isa = PBXBuildFile; fileRef = CDFB884D23ECEC3000B652A6 /* ContentView.swift */; };
		CDFB885023ECEC3600B652A6 /* Assets.xcassets in Resources */ = {isa = PBXBuildFile; fileRef = CDFB884F23ECEC3600B652A6 /* Assets.xcassets */; };
		CDFB885323ECEC3600B652A6 /* Preview Assets.xcassets in Resources */ = {isa = PBXBuildFile; fileRef = CDFB885223ECEC3600B652A6 /* Preview Assets.xcassets */; };
		CDFB885623ECEC3600B652A6 /* LaunchScreen.storyboard in Resources */ = {isa = PBXBuildFile; fileRef = CDFB885423ECEC3600B652A6 /* LaunchScreen.storyboard */; };
		CDFB885E23ECEC7E00B652A6 /* MainViewController.swift in Sources */ = {isa = PBXBuildFile; fileRef = CDFB885D23ECEC7E00B652A6 /* MainViewController.swift */; };
		CDFB886223ECED0A00B652A6 /* MainView.swift in Sources */ = {isa = PBXBuildFile; fileRef = CDFB886123ECED0A00B652A6 /* MainView.swift */; };
		CDFB886623ECF01D00B652A6 /* MainViewContraints.swift in Sources */ = {isa = PBXBuildFile; fileRef = CDFB886523ECF01D00B652A6 /* MainViewContraints.swift */; };
/* End PBXBuildFile section */

/* Begin PBXFileReference section */
		CD27657923F1B4FD00D174DC /* RoutinesCell.swift */ = {isa = PBXFileReference; lastKnownFileType = sourcecode.swift; path = RoutinesCell.swift; sourceTree = "<group>"; };
		CD27C57323EDA7E3009C2FA9 /* MenuView.swift */ = {isa = PBXFileReference; lastKnownFileType = sourcecode.swift; path = MenuView.swift; sourceTree = "<group>"; };
		CD27C57523EDAD5D009C2FA9 /* MenuViewConstraints.swift */ = {isa = PBXFileReference; lastKnownFileType = sourcecode.swift; path = MenuViewConstraints.swift; sourceTree = "<group>"; };
		CD27C57723EDAEE6009C2FA9 /* MenuViewController.swift */ = {isa = PBXFileReference; lastKnownFileType = sourcecode.swift; path = MenuViewController.swift; sourceTree = "<group>"; };
		CD27C57923EDB842009C2FA9 /* FriendsView.swift */ = {isa = PBXFileReference; lastKnownFileType = sourcecode.swift; path = FriendsView.swift; sourceTree = "<group>"; };
		CD27C57B23EDBB72009C2FA9 /* FriendsCollectionViewController.swift */ = {isa = PBXFileReference; lastKnownFileType = sourcecode.swift; path = FriendsCollectionViewController.swift; sourceTree = "<group>"; };
		CD27C57D23EDBD45009C2FA9 /* FriendsCell.swift */ = {isa = PBXFileReference; lastKnownFileType = sourcecode.swift; path = FriendsCell.swift; sourceTree = "<group>"; };
		CD33886124018EBF006DC720 /* CellGradientColor.swift */ = {isa = PBXFileReference; lastKnownFileType = sourcecode.swift; path = CellGradientColor.swift; sourceTree = "<group>"; };
		CD42FC9923EDC5B400E9ADC6 /* FriendsCellConstraints.swift */ = {isa = PBXFileReference; lastKnownFileType = sourcecode.swift; path = FriendsCellConstraints.swift; sourceTree = "<group>"; };
		CD42FC9B23EF467F00E9ADC6 /* RoutinesView.swift */ = {isa = PBXFileReference; lastKnownFileType = sourcecode.swift; path = RoutinesView.swift; sourceTree = "<group>"; };
		CD42FC9D23EF484400E9ADC6 /* RoutinesViewControllerCollectionViewController.swift */ = {isa = PBXFileReference; lastKnownFileType = sourcecode.swift; path = RoutinesViewControllerCollectionViewController.swift; sourceTree = "<group>"; };
		CD7D393724030DCF0017821B /* RoutinesCollectionViewConstraints.swift */ = {isa = PBXFileReference; lastKnownFileType = sourcecode.swift; path = RoutinesCollectionViewConstraints.swift; sourceTree = "<group>"; };
		CD7D393924031A1C0017821B /* SavedResultsRoutinesViewController.swift */ = {isa = PBXFileReference; lastKnownFileType = sourcecode.swift; path = SavedResultsRoutinesViewController.swift; sourceTree = "<group>"; };
		CD7D393B24031C720017821B /* SavedRoutinesResultsView.swift */ = {isa = PBXFileReference; lastKnownFileType = sourcecode.swift; path = SavedRoutinesResultsView.swift; sourceTree = "<group>"; };
		CD7D393D24031E150017821B /* SavedRoutinesResultCell.swift */ = {isa = PBXFileReference; lastKnownFileType = sourcecode.swift; path = SavedRoutinesResultCell.swift; sourceTree = "<group>"; };
		CDFB884623ECEC3000B652A6 /* GymPal.app */ = {isa = PBXFileReference; explicitFileType = wrapper.application; includeInIndex = 0; path = GymPal.app; sourceTree = BUILT_PRODUCTS_DIR; };
		CDFB884923ECEC3000B652A6 /* AppDelegate.swift */ = {isa = PBXFileReference; lastKnownFileType = sourcecode.swift; path = AppDelegate.swift; sourceTree = "<group>"; };
		CDFB884B23ECEC3000B652A6 /* SceneDelegate.swift */ = {isa = PBXFileReference; lastKnownFileType = sourcecode.swift; path = SceneDelegate.swift; sourceTree = "<group>"; };
		CDFB884D23ECEC3000B652A6 /* ContentView.swift */ = {isa = PBXFileReference; lastKnownFileType = sourcecode.swift; path = ContentView.swift; sourceTree = "<group>"; };
		CDFB884F23ECEC3600B652A6 /* Assets.xcassets */ = {isa = PBXFileReference; lastKnownFileType = folder.assetcatalog; path = Assets.xcassets; sourceTree = "<group>"; };
		CDFB885223ECEC3600B652A6 /* Preview Assets.xcassets */ = {isa = PBXFileReference; lastKnownFileType = folder.assetcatalog; path = "Preview Assets.xcassets"; sourceTree = "<group>"; };
		CDFB885523ECEC3600B652A6 /* Base */ = {isa = PBXFileReference; lastKnownFileType = file.storyboard; name = Base; path = Base.lproj/LaunchScreen.storyboard; sourceTree = "<group>"; };
		CDFB885723ECEC3600B652A6 /* Info.plist */ = {isa = PBXFileReference; lastKnownFileType = text.plist.xml; path = Info.plist; sourceTree = "<group>"; };
		CDFB885D23ECEC7E00B652A6 /* MainViewController.swift */ = {isa = PBXFileReference; lastKnownFileType = sourcecode.swift; path = MainViewController.swift; sourceTree = "<group>"; };
		CDFB886123ECED0A00B652A6 /* MainView.swift */ = {isa = PBXFileReference; lastKnownFileType = sourcecode.swift; path = MainView.swift; sourceTree = "<group>"; };
		CDFB886523ECF01D00B652A6 /* MainViewContraints.swift */ = {isa = PBXFileReference; lastKnownFileType = sourcecode.swift; path = MainViewContraints.swift; sourceTree = "<group>"; };
/* End PBXFileReference section */

/* Begin PBXFrameworksBuildPhase section */
		CDFB884323ECEC3000B652A6 /* Frameworks */ = {
			isa = PBXFrameworksBuildPhase;
			buildActionMask = 2147483647;
			files = (
			);
			runOnlyForDeploymentPostprocessing = 0;
		};
/* End PBXFrameworksBuildPhase section */

/* Begin PBXGroup section */
		CDFB883D23ECEC3000B652A6 = {
			isa = PBXGroup;
			children = (
				CDFB884823ECEC3000B652A6 /* GymPal */,
				CDFB884723ECEC3000B652A6 /* Products */,
			);
			sourceTree = "<group>";
		};
		CDFB884723ECEC3000B652A6 /* Products */ = {
			isa = PBXGroup;
			children = (
				CDFB884623ECEC3000B652A6 /* GymPal.app */,
			);
			name = Products;
			sourceTree = "<group>";
		};
		CDFB884823ECEC3000B652A6 /* GymPal */ = {
			isa = PBXGroup;
			children = (
				CDFB886323ECEFDA00B652A6 /* Extensions */,
				CDFB886023ECECED00B652A6 /* Views */,
				CDFB885F23ECECE500B652A6 /* Controllers */,
				CDFB884923ECEC3000B652A6 /* AppDelegate.swift */,
				CDFB884B23ECEC3000B652A6 /* SceneDelegate.swift */,
				CDFB884D23ECEC3000B652A6 /* ContentView.swift */,
				CDFB884F23ECEC3600B652A6 /* Assets.xcassets */,
				CDFB885423ECEC3600B652A6 /* LaunchScreen.storyboard */,
				CDFB885723ECEC3600B652A6 /* Info.plist */,
				CDFB885123ECEC3600B652A6 /* Preview Content */,
			);
			path = GymPal;
			sourceTree = "<group>";
		};
		CDFB885123ECEC3600B652A6 /* Preview Content */ = {
			isa = PBXGroup;
			children = (
				CDFB885223ECEC3600B652A6 /* Preview Assets.xcassets */,
			);
			path = "Preview Content";
			sourceTree = "<group>";
		};
		CDFB885F23ECECE500B652A6 /* Controllers */ = {
			isa = PBXGroup;
			children = (
				CDFB885D23ECEC7E00B652A6 /* MainViewController.swift */,
				CD42FC9D23EF484400E9ADC6 /* RoutinesViewControllerCollectionViewController.swift */,
				CD27C57723EDAEE6009C2FA9 /* MenuViewController.swift */,
				CD27C57B23EDBB72009C2FA9 /* FriendsCollectionViewController.swift */,
				CD7D393924031A1C0017821B /* SavedResultsRoutinesViewController.swift */,
			);
			path = Controllers;
			sourceTree = "<group>";
		};
		CDFB886023ECECED00B652A6 /* Views */ = {
			isa = PBXGroup;
			children = (
				CDFB886123ECED0A00B652A6 /* MainView.swift */,
				CD7D393B24031C720017821B /* SavedRoutinesResultsView.swift */,
				CD27C57323EDA7E3009C2FA9 /* MenuView.swift */,
				CD42FC9B23EF467F00E9ADC6 /* RoutinesView.swift */,
				CD27C57923EDB842009C2FA9 /* FriendsView.swift */,
				CD27657923F1B4FD00D174DC /* RoutinesCell.swift */,
				CD27C57D23EDBD45009C2FA9 /* FriendsCell.swift */,
				CD7D393D24031E150017821B /* SavedRoutinesResultCell.swift */,
			);
			path = Views;
			sourceTree = "<group>";
		};
		CDFB886323ECEFDA00B652A6 /* Extensions */ = {
			isa = PBXGroup;
			children = (
				CDFB886423ECEFE300B652A6 /* Constraints */,
			);
			path = Extensions;
			sourceTree = "<group>";
		};
		CDFB886423ECEFE300B652A6 /* Constraints */ = {
			isa = PBXGroup;
			children = (
				CDFB886523ECF01D00B652A6 /* MainViewContraints.swift */,
				CD27C57523EDAD5D009C2FA9 /* MenuViewConstraints.swift */,
				CD42FC9923EDC5B400E9ADC6 /* FriendsCellConstraints.swift */,
				CD33886124018EBF006DC720 /* CellGradientColor.swift */,
				CD7D393724030DCF0017821B /* RoutinesCollectionViewConstraints.swift */,
			);
			path = Constraints;
			sourceTree = "<group>";
		};
/* End PBXGroup section */

/* Begin PBXNativeTarget section */
		CDFB884523ECEC3000B652A6 /* GymPal */ = {
			isa = PBXNativeTarget;
			buildConfigurationList = CDFB885A23ECEC3600B652A6 /* Build configuration list for PBXNativeTarget "GymPal" */;
			buildPhases = (
				CDFB884223ECEC3000B652A6 /* Sources */,
				CDFB884323ECEC3000B652A6 /* Frameworks */,
				CDFB884423ECEC3000B652A6 /* Resources */,
			);
			buildRules = (
			);
			dependencies = (
			);
			name = GymPal;
			productName = GymPal;
			productReference = CDFB884623ECEC3000B652A6 /* GymPal.app */;
			productType = "com.apple.product-type.application";
		};
/* End PBXNativeTarget section */

/* Begin PBXProject section */
		CDFB883E23ECEC3000B652A6 /* Project object */ = {
			isa = PBXProject;
			attributes = {
				LastSwiftUpdateCheck = 1130;
				LastUpgradeCheck = 1130;
				ORGANIZATIONNAME = "MattHew Phraxayavong";
				TargetAttributes = {
					CDFB884523ECEC3000B652A6 = {
						CreatedOnToolsVersion = 11.3.1;
					};
				};
			};
			buildConfigurationList = CDFB884123ECEC3000B652A6 /* Build configuration list for PBXProject "GymPal" */;
			compatibilityVersion = "Xcode 9.3";
			developmentRegion = en;
			hasScannedForEncodings = 0;
			knownRegions = (
				en,
				Base,
			);
			mainGroup = CDFB883D23ECEC3000B652A6;
			productRefGroup = CDFB884723ECEC3000B652A6 /* Products */;
			projectDirPath = "";
			projectRoot = "";
			targets = (
				CDFB884523ECEC3000B652A6 /* GymPal */,
			);
		};
/* End PBXProject section */

/* Begin PBXResourcesBuildPhase section */
		CDFB884423ECEC3000B652A6 /* Resources */ = {
			isa = PBXResourcesBuildPhase;
			buildActionMask = 2147483647;
			files = (
				CDFB885623ECEC3600B652A6 /* LaunchScreen.storyboard in Resources */,
				CDFB885323ECEC3600B652A6 /* Preview Assets.xcassets in Resources */,
				CDFB885023ECEC3600B652A6 /* Assets.xcassets in Resources */,
			);
			runOnlyForDeploymentPostprocessing = 0;
		};
/* End PBXResourcesBuildPhase section */

/* Begin PBXSourcesBuildPhase section */
		CDFB884223ECEC3000B652A6 /* Sources */ = {
			isa = PBXSourcesBuildPhase;
			buildActionMask = 2147483647;
			files = (
				CD27C57A23EDB842009C2FA9 /* FriendsView.swift in Sources */,
				CD27C57423EDA7E3009C2FA9 /* MenuView.swift in Sources */,
				CD33886224018EBF006DC720 /* CellGradientColor.swift in Sources */,
				CDFB886623ECF01D00B652A6 /* MainViewContraints.swift in Sources */,
				CD7D393824030DCF0017821B /* RoutinesCollectionViewConstraints.swift in Sources */,
				CD42FC9A23EDC5B400E9ADC6 /* FriendsCellConstraints.swift in Sources */,
				CDFB886223ECED0A00B652A6 /* MainView.swift in Sources */,
				CDFB884A23ECEC3000B652A6 /* AppDelegate.swift in Sources */,
				CD27657A23F1B4FD00D174DC /* RoutinesCell.swift in Sources */,
				CD27C57823EDAEE6009C2FA9 /* MenuViewController.swift in Sources */,
				CD7D393C24031C720017821B /* SavedRoutinesResultsView.swift in Sources */,
				CD27C57C23EDBB72009C2FA9 /* FriendsCollectionViewController.swift in Sources */,
				CD27C57E23EDBD45009C2FA9 /* FriendsCell.swift in Sources */,
				CD27C57623EDAD5D009C2FA9 /* MenuViewConstraints.swift in Sources */,
				CD7D393A24031A1C0017821B /* SavedResultsRoutinesViewController.swift in Sources */,
				CDFB885E23ECEC7E00B652A6 /* MainViewController.swift in Sources */,
				CDFB884C23ECEC3000B652A6 /* SceneDelegate.swift in Sources */,
				CDFB884E23ECEC3000B652A6 /* ContentView.swift in Sources */,
				CD7D393E24031E150017821B /* SavedRoutinesResultCell.swift in Sources */,
				CD42FC9C23EF467F00E9ADC6 /* RoutinesView.swift in Sources */,
				CD42FC9E23EF484400E9ADC6 /* RoutinesViewControllerCollectionViewController.swift in Sources */,
			);
			runOnlyForDeploymentPostprocessing = 0;
		};
/* End PBXSourcesBuildPhase section */

/* Begin PBXVariantGroup section */
		CDFB885423ECEC3600B652A6 /* LaunchScreen.storyboard */ = {
			isa = PBXVariantGroup;
			children = (
				CDFB885523ECEC3600B652A6 /* Base */,
			);
			name = LaunchScreen.storyboard;
			sourceTree = "<group>";
		};
/* End PBXVariantGroup section */

/* Begin XCBuildConfiguration section */
		CDFB885823ECEC3600B652A6 /* Debug */ = {
			isa = XCBuildConfiguration;
			buildSettings = {
				ALWAYS_SEARCH_USER_PATHS = NO;
				CLANG_ANALYZER_NONNULL = YES;
				CLANG_ANALYZER_NUMBER_OBJECT_CONVERSION = YES_AGGRESSIVE;
				CLANG_CXX_LANGUAGE_STANDARD = "gnu++14";
				CLANG_CXX_LIBRARY = "libc++";
				CLANG_ENABLE_MODULES = YES;
				CLANG_ENABLE_OBJC_ARC = YES;
				CLANG_ENABLE_OBJC_WEAK = YES;
				CLANG_WARN_BLOCK_CAPTURE_AUTORELEASING = YES;
				CLANG_WARN_BOOL_CONVERSION = YES;
				CLANG_WARN_COMMA = YES;
				CLANG_WARN_CONSTANT_CONVERSION = YES;
				CLANG_WARN_DEPRECATED_OBJC_IMPLEMENTATIONS = YES;
				CLANG_WARN_DIRECT_OBJC_ISA_USAGE = YES_ERROR;
				CLANG_WARN_DOCUMENTATION_COMMENTS = YES;
				CLANG_WARN_EMPTY_BODY = YES;
				CLANG_WARN_ENUM_CONVERSION = YES;
				CLANG_WARN_INFINITE_RECURSION = YES;
				CLANG_WARN_INT_CONVERSION = YES;
				CLANG_WARN_NON_LITERAL_NULL_CONVERSION = YES;
				CLANG_WARN_OBJC_IMPLICIT_RETAIN_SELF = YES;
				CLANG_WARN_OBJC_LITERAL_CONVERSION = YES;
				CLANG_WARN_OBJC_ROOT_CLASS = YES_ERROR;
				CLANG_WARN_RANGE_LOOP_ANALYSIS = YES;
				CLANG_WARN_STRICT_PROTOTYPES = YES;
				CLANG_WARN_SUSPICIOUS_MOVE = YES;
				CLANG_WARN_UNGUARDED_AVAILABILITY = YES_AGGRESSIVE;
				CLANG_WARN_UNREACHABLE_CODE = YES;
				CLANG_WARN__DUPLICATE_METHOD_MATCH = YES;
				COPY_PHASE_STRIP = NO;
				DEBUG_INFORMATION_FORMAT = dwarf;
				ENABLE_STRICT_OBJC_MSGSEND = YES;
				ENABLE_TESTABILITY = YES;
				GCC_C_LANGUAGE_STANDARD = gnu11;
				GCC_DYNAMIC_NO_PIC = NO;
				GCC_NO_COMMON_BLOCKS = YES;
				GCC_OPTIMIZATION_LEVEL = 0;
				GCC_PREPROCESSOR_DEFINITIONS = (
					"DEBUG=1",
					"$(inherited)",
				);
				GCC_WARN_64_TO_32_BIT_CONVERSION = YES;
				GCC_WARN_ABOUT_RETURN_TYPE = YES_ERROR;
				GCC_WARN_UNDECLARED_SELECTOR = YES;
				GCC_WARN_UNINITIALIZED_AUTOS = YES_AGGRESSIVE;
				GCC_WARN_UNUSED_FUNCTION = YES;
				GCC_WARN_UNUSED_VARIABLE = YES;
				IPHONEOS_DEPLOYMENT_TARGET = 13.2;
				MTL_ENABLE_DEBUG_INFO = INCLUDE_SOURCE;
				MTL_FAST_MATH = YES;
				ONLY_ACTIVE_ARCH = YES;
				SDKROOT = iphoneos;
				SWIFT_ACTIVE_COMPILATION_CONDITIONS = DEBUG;
				SWIFT_OPTIMIZATION_LEVEL = "-Onone";
			};
			name = Debug;
		};
		CDFB885923ECEC3600B652A6 /* Release */ = {
			isa = XCBuildConfiguration;
			buildSettings = {
				ALWAYS_SEARCH_USER_PATHS = NO;
				CLANG_ANALYZER_NONNULL = YES;
				CLANG_ANALYZER_NUMBER_OBJECT_CONVERSION = YES_AGGRESSIVE;
				CLANG_CXX_LANGUAGE_STANDARD = "gnu++14";
				CLANG_CXX_LIBRARY = "libc++";
				CLANG_ENABLE_MODULES = YES;
				CLANG_ENABLE_OBJC_ARC = YES;
				CLANG_ENABLE_OBJC_WEAK = YES;
				CLANG_WARN_BLOCK_CAPTURE_AUTORELEASING = YES;
				CLANG_WARN_BOOL_CONVERSION = YES;
				CLANG_WARN_COMMA = YES;
				CLANG_WARN_CONSTANT_CONVERSION = YES;
				CLANG_WARN_DEPRECATED_OBJC_IMPLEMENTATIONS = YES;
				CLANG_WARN_DIRECT_OBJC_ISA_USAGE = YES_ERROR;
				CLANG_WARN_DOCUMENTATION_COMMENTS = YES;
				CLANG_WARN_EMPTY_BODY = YES;
				CLANG_WARN_ENUM_CONVERSION = YES;
				CLANG_WARN_INFINITE_RECURSION = YES;
				CLANG_WARN_INT_CONVERSION = YES;
				CLANG_WARN_NON_LITERAL_NULL_CONVERSION = YES;
				CLANG_WARN_OBJC_IMPLICIT_RETAIN_SELF = YES;
				CLANG_WARN_OBJC_LITERAL_CONVERSION = YES;
				CLANG_WARN_OBJC_ROOT_CLASS = YES_ERROR;
				CLANG_WARN_RANGE_LOOP_ANALYSIS = YES;
				CLANG_WARN_STRICT_PROTOTYPES = YES;
				CLANG_WARN_SUSPICIOUS_MOVE = YES;
				CLANG_WARN_UNGUARDED_AVAILABILITY = YES_AGGRESSIVE;
				CLANG_WARN_UNREACHABLE_CODE = YES;
				CLANG_WARN__DUPLICATE_METHOD_MATCH = YES;
				COPY_PHASE_STRIP = NO;
				DEBUG_INFORMATION_FORMAT = "dwarf-with-dsym";
				ENABLE_NS_ASSERTIONS = NO;
				ENABLE_STRICT_OBJC_MSGSEND = YES;
				GCC_C_LANGUAGE_STANDARD = gnu11;
				GCC_NO_COMMON_BLOCKS = YES;
				GCC_WARN_64_TO_32_BIT_CONVERSION = YES;
				GCC_WARN_ABOUT_RETURN_TYPE = YES_ERROR;
				GCC_WARN_UNDECLARED_SELECTOR = YES;
				GCC_WARN_UNINITIALIZED_AUTOS = YES_AGGRESSIVE;
				GCC_WARN_UNUSED_FUNCTION = YES;
				GCC_WARN_UNUSED_VARIABLE = YES;
				IPHONEOS_DEPLOYMENT_TARGET = 13.2;
				MTL_ENABLE_DEBUG_INFO = NO;
				MTL_FAST_MATH = YES;
				SDKROOT = iphoneos;
				SWIFT_COMPILATION_MODE = wholemodule;
				SWIFT_OPTIMIZATION_LEVEL = "-O";
				VALIDATE_PRODUCT = YES;
			};
			name = Release;
		};
		CDFB885B23ECEC3600B652A6 /* Debug */ = {
			isa = XCBuildConfiguration;
			buildSettings = {
				ASSETCATALOG_COMPILER_APPICON_NAME = AppIcon;
				CODE_SIGN_STYLE = Automatic;
				DEVELOPMENT_ASSET_PATHS = "\"GymPal/Preview Content\"";
				ENABLE_PREVIEWS = YES;
				INFOPLIST_FILE = GymPal/Info.plist;
				LD_RUNPATH_SEARCH_PATHS = (
					"$(inherited)",
					"@executable_path/Frameworks",
				);
				PRODUCT_BUNDLE_IDENTIFIER = com.phraxaya.GymPal;
				PRODUCT_NAME = "$(TARGET_NAME)";
				SWIFT_VERSION = 5.0;
				TARGETED_DEVICE_FAMILY = "1,2";
			};
			name = Debug;
		};
		CDFB885C23ECEC3600B652A6 /* Release */ = {
			isa = XCBuildConfiguration;
			buildSettings = {
				ASSETCATALOG_COMPILER_APPICON_NAME = AppIcon;
				CODE_SIGN_STYLE = Automatic;
				DEVELOPMENT_ASSET_PATHS = "\"GymPal/Preview Content\"";
				ENABLE_PREVIEWS = YES;
				INFOPLIST_FILE = GymPal/Info.plist;
				LD_RUNPATH_SEARCH_PATHS = (
					"$(inherited)",
					"@executable_path/Frameworks",
				);
				PRODUCT_BUNDLE_IDENTIFIER = com.phraxaya.GymPal;
				PRODUCT_NAME = "$(TARGET_NAME)";
				SWIFT_VERSION = 5.0;
				TARGETED_DEVICE_FAMILY = "1,2";
			};
			name = Release;
		};
/* End XCBuildConfiguration section */

/* Begin XCConfigurationList section */
		CDFB884123ECEC3000B652A6 /* Build configuration list for PBXProject "GymPal" */ = {
			isa = XCConfigurationList;
			buildConfigurations = (
				CDFB885823ECEC3600B652A6 /* Debug */,
				CDFB885923ECEC3600B652A6 /* Release */,
			);
			defaultConfigurationIsVisible = 0;
			defaultConfigurationName = Release;
		};
		CDFB885A23ECEC3600B652A6 /* Build configuration list for PBXNativeTarget "GymPal" */ = {
			isa = XCConfigurationList;
			buildConfigurations = (
				CDFB885B23ECEC3600B652A6 /* Debug */,
				CDFB885C23ECEC3600B652A6 /* Release */,
			);
			defaultConfigurationIsVisible = 0;
			defaultConfigurationName = Release;
		};
/* End XCConfigurationList section */
	};
	rootObject = CDFB883E23ECEC3000B652A6 /* Project object */;
}
